
Microsoft Visual Studio Solution File, Format Version 12.00
# Visual Studio 15
VisualStudioVersion = 15.0.28010.2050
MinimumVisualStudioVersion = 10.0.40219.1
Project("{FAE04EC0-301F-11D3-BF4B-00C04F79EFBC}") = "RBCmd", "RBCmd\RBCmd.csproj", "{5768EF2E-EC6C-409E-BF0A-29C9055663C8}"
EndProject
Global
	GlobalSection(SolutionConfigurationPlatforms) = preSolution
		Debug|Any CPU = Debug|Any CPU
		Release|Any CPU = Release|Any CPU
	EndGlobalSection
	GlobalSection(ProjectConfigurationPlatforms) = postSolution
		{5768EF2E-EC6C-409E-BF0A-29C9055663C8}.Debug|Any CPU.ActiveCfg = Debug|Any CPU
		{5768EF2E-EC6C-409E-BF0A-29C9055663C8}.Debug|Any CPU.Build.0 = Debug|Any CPU
		{5768EF2E-EC6C-409E-BF0A-29C9055663C8}.Release|Any CPU.ActiveCfg = Release|Any CPU
		{5768EF2E-EC6C-409E-BF0A-29C9055663C8}.Release|Any CPU.Build.0 = Release|Any CPU
	EndGlobalSection
	GlobalSection(SolutionProperties) = preSolution
		HideSolutionNode = FALSE
	EndGlobalSection
	GlobalSection(ExtensibilityGlobals) = postSolution
		SolutionGuid = {D82E17DC-F5B6-4201-B60E-17A6574F03E0}
	EndGlobalSection
EndGlobal
