
Microsoft Visual Studio Solution File, Format Version 12.00
# Visual Studio 15
VisualStudioVersion = 15.0.28010.2050
MinimumVisualStudioVersion = 10.0.40219.1
Project("{FAE04EC0-301F-11D3-BF4B-00C04F79EFBC}") = "RecycleBin", "RecycleBin\RecycleBin.csproj", "{5D4942F1-F424-4168-8878-C6448CB5A191}"
EndProject
Project("{FAE04EC0-301F-11D3-BF4B-00C04F79EFBC}") = "RecycleBin.Test", "RecycleBin.Test\RecycleBin.Test.csproj", "{5464C85A-A69F-4EC1-B3E4-ACB84FE83E6F}"
EndProject
Project("{FAE04EC0-301F-11D3-BF4B-00C04F79EFBC}") = "RBCmd", "RBCmd\RBCmd.csproj", "{87DC227B-9E16-4E11-89FD-3CEC38D61D61}"
EndProject
Global
	GlobalSection(SolutionConfigurationPlatforms) = preSolution
		Debug|Any CPU = Debug|Any CPU
		Release|Any CPU = Release|Any CPU
	EndGlobalSection
	GlobalSection(ProjectConfigurationPlatforms) = postSolution
		{5D4942F1-F424-4168-8878-C6448CB5A191}.Debug|Any CPU.ActiveCfg = Debug|Any CPU
		{5D4942F1-F424-4168-8878-C6448CB5A191}.Debug|Any CPU.Build.0 = Debug|Any CPU
		{5D4942F1-F424-4168-8878-C6448CB5A191}.Release|Any CPU.ActiveCfg = Release|Any CPU
		{5D4942F1-F424-4168-8878-C6448CB5A191}.Release|Any CPU.Build.0 = Release|Any CPU
		{5464C85A-A69F-4EC1-B3E4-ACB84FE83E6F}.Debug|Any CPU.ActiveCfg = Debug|Any CPU
		{5464C85A-A69F-4EC1-B3E4-ACB84FE83E6F}.Debug|Any CPU.Build.0 = Debug|Any CPU
		{5464C85A-A69F-4EC1-B3E4-ACB84FE83E6F}.Release|Any CPU.ActiveCfg = Release|Any CPU
		{5464C85A-A69F-4EC1-B3E4-ACB84FE83E6F}.Release|Any CPU.Build.0 = Release|Any CPU
		{87DC227B-9E16-4E11-89FD-3CEC38D61D61}.Debug|Any CPU.ActiveCfg = Debug|Any CPU
		{87DC227B-9E16-4E11-89FD-3CEC38D61D61}.Debug|Any CPU.Build.0 = Debug|Any CPU
		{87DC227B-9E16-4E11-89FD-3CEC38D61D61}.Release|Any CPU.ActiveCfg = Release|Any CPU
		{87DC227B-9E16-4E11-89FD-3CEC38D61D61}.Release|Any CPU.Build.0 = Release|Any CPU
	EndGlobalSection
	GlobalSection(SolutionProperties) = preSolution
		HideSolutionNode = FALSE
	EndGlobalSection
	GlobalSection(ExtensibilityGlobals) = postSolution
		SolutionGuid = {D82E17DC-F5B6-4201-B60E-17A6574F03E0}
	EndGlobalSection
EndGlobal
